
Microsoft Visual Studio Solution File, Format Version 12.00
# Visual Studio Version 17
VisualStudioVersion = 17.9.34607.119
MinimumVisualStudioVersion = 10.0.40219.1
Project("{9A19103F-16F7-4668-BE54-9A1E7A4F7556}") = "BatteryMonitor", "BatteryMonitor.csproj", "{C84DCC46-5183-4040-917F-94F52949E81D}"
EndProject
Global
	GlobalSection(SolutionConfigurationPlatforms) = preSolution
		Debug|Any CPU = Debug|Any CPU
		Release|Any CPU = Release|Any CPU
	EndGlobalSection
	GlobalSection(ProjectConfigurationPlatforms) = postSolution
		{C84DCC46-5183-4040-917F-94F52949E81D}.Debug|Any CPU.ActiveCfg = Debug|Any CPU
		{C84DCC46-5183-4040-917F-94F52949E81D}.Debug|Any CPU.Build.0 = Debug|Any CPU
		{C84DCC46-5183-4040-917F-94F52949E81D}.Release|Any CPU.ActiveCfg = Release|Any CPU
		{C84DCC46-5183-4040-917F-94F52949E81D}.Release|Any CPU.Build.0 = Release|Any CPU
	EndGlobalSection
	GlobalSection(SolutionProperties) = preSolution
		HideSolutionNode = FALSE
	EndGlobalSection
	GlobalSection(ExtensibilityGlobals) = postSolution
		SolutionGuid = {979C00AE-DE03-4E7A-8A66-AFCE1CC0B09A}
	EndGlobalSection
EndGlobal
